
Microsoft Visual Studio Solution File, Format Version 12.00
# Visual Studio 14
VisualStudioVersion = 14.0.23107.0
MinimumVisualStudioVersion = 10.0.40219.1
Project("{2150E333-8FDC-42A3-9474-1A3956D46DE8}") = "0 - Presentation", "0 - Presentation", "{15B51EF0-3F57-4C0C-A1F6-07FE6838B8C0}"
EndProject
Project("{2150E333-8FDC-42A3-9474-1A3956D46DE8}") = "1 - Services", "1 - Services", "{D81B063A-8C0A-47BF-A2F0-E750D584A991}"
EndProject
Project("{2150E333-8FDC-42A3-9474-1A3956D46DE8}") = "2 - Application", "2 - Application", "{B58F5942-369D-4EB3-BB5C-8E2E68327DC6}"
EndProject
Project("{2150E333-8FDC-42A3-9474-1A3956D46DE8}") = "3 - Domain", "3 - Domain", "{2546B793-D6C5-4400-9644-22C791BB01D8}"
EndProject
Project("{2150E333-8FDC-42A3-9474-1A3956D46DE8}") = "4 - Infra", "4 - Infra", "{26BC15A6-589D-4345-B4BD-0B3E3C833809}"
EndProject
Project("{2150E333-8FDC-42A3-9474-1A3956D46DE8}") = "4.1 - CrossCutting", "4.1 - CrossCutting", "{71FA6A41-0BAE-447A-B847-1708B302555C}"
EndProject
Project("{2150E333-8FDC-42A3-9474-1A3956D46DE8}") = "4.2 - Data", "4.2 - Data", "{CB5EDDBB-B276-4935-954B-B70E9A5CA043}"
EndProject
Project("{FAE04EC0-301F-11D3-BF4B-00C04F79EFBC}") = "Functional.Mvc", "Functional.Mvc\Functional.Mvc.csproj", "{9E6552E3-F427-4892-B97F-781063900384}"
EndProject
Project("{2150E333-8FDC-42A3-9474-1A3956D46DE8}") = "5 - Utilitarios", "5 - Utilitarios", "{38244B3A-4B35-4D1F-B6DA-5E6607AEF954}"
EndProject
Project("{FAE04EC0-301F-11D3-BF4B-00C04F79EFBC}") = "Functional.Tests.Autorun", "Functional.Tests.Autorun\Functional.Tests.Autorun.csproj", "{79D8435C-472A-43B5-91B2-F3D014C3D047}"
EndProject
Project("{FAE04EC0-301F-11D3-BF4B-00C04F79EFBC}") = "Functional.Data.Context", "Functional.Data.EntityFramework\Functional.Data.Context.csproj", "{33DE45BD-BA45-4F67-A8E3-FED78B6187F6}"
EndProject
Project("{FAE04EC0-301F-11D3-BF4B-00C04F79EFBC}") = "Functional.Data.Repository", "Functional.Data.Repository\Functional.Data.Repository.csproj", "{F02E0B99-4F23-4667-A0C5-4724EF79D5DB}"
EndProject
Project("{FAE04EC0-301F-11D3-BF4B-00C04F79EFBC}") = "Functional.Domain", "Functional.Domain\Functional.Domain.csproj", "{16C67AAD-A7FD-49B4-82BD-268613D7A13C}"
EndProject
Project("{FAE04EC0-301F-11D3-BF4B-00C04F79EFBC}") = "Functional.Application", "Functional.Application\Functional.Application.csproj", "{FD3EC098-2C8B-4D11-ABA3-D7DAF48574B4}"
EndProject
Project("{FAE04EC0-301F-11D3-BF4B-00C04F79EFBC}") = "Functional.CrossCutting.Ioc", "Functional.CrossCutting\Functional.CrossCutting.Ioc.csproj", "{04422E53-E58E-48D3-B469-81E4537A9A93}"
EndProject
Global
	GlobalSection(SolutionConfigurationPlatforms) = preSolution
		Debug|Any CPU = Debug|Any CPU
		Debug|ARM = Debug|ARM
		Debug|x64 = Debug|x64
		Debug|x86 = Debug|x86
		Release|Any CPU = Release|Any CPU
		Release|ARM = Release|ARM
		Release|x64 = Release|x64
		Release|x86 = Release|x86
	EndGlobalSection
	GlobalSection(ProjectConfigurationPlatforms) = postSolution
		{9E6552E3-F427-4892-B97F-781063900384}.Debug|Any CPU.ActiveCfg = Debug|Any CPU
		{9E6552E3-F427-4892-B97F-781063900384}.Debug|Any CPU.Build.0 = Debug|Any CPU
		{9E6552E3-F427-4892-B97F-781063900384}.Debug|ARM.ActiveCfg = Debug|Any CPU
		{9E6552E3-F427-4892-B97F-781063900384}.Debug|ARM.Build.0 = Debug|Any CPU
		{9E6552E3-F427-4892-B97F-781063900384}.Debug|x64.ActiveCfg = Debug|Any CPU
		{9E6552E3-F427-4892-B97F-781063900384}.Debug|x64.Build.0 = Debug|Any CPU
		{9E6552E3-F427-4892-B97F-781063900384}.Debug|x86.ActiveCfg = Debug|Any CPU
		{9E6552E3-F427-4892-B97F-781063900384}.Debug|x86.Build.0 = Debug|Any CPU
		{9E6552E3-F427-4892-B97F-781063900384}.Release|Any CPU.ActiveCfg = Release|Any CPU
		{9E6552E3-F427-4892-B97F-781063900384}.Release|Any CPU.Build.0 = Release|Any CPU
		{9E6552E3-F427-4892-B97F-781063900384}.Release|ARM.ActiveCfg = Release|Any CPU
		{9E6552E3-F427-4892-B97F-781063900384}.Release|ARM.Build.0 = Release|Any CPU
		{9E6552E3-F427-4892-B97F-781063900384}.Release|x64.ActiveCfg = Release|Any CPU
		{9E6552E3-F427-4892-B97F-781063900384}.Release|x64.Build.0 = Release|Any CPU
		{9E6552E3-F427-4892-B97F-781063900384}.Release|x86.ActiveCfg = Release|Any CPU
		{9E6552E3-F427-4892-B97F-781063900384}.Release|x86.Build.0 = Release|Any CPU
		{79D8435C-472A-43B5-91B2-F3D014C3D047}.Debug|Any CPU.ActiveCfg = Debug|Any CPU
		{79D8435C-472A-43B5-91B2-F3D014C3D047}.Debug|Any CPU.Build.0 = Debug|Any CPU
		{79D8435C-472A-43B5-91B2-F3D014C3D047}.Debug|ARM.ActiveCfg = Debug|Any CPU
		{79D8435C-472A-43B5-91B2-F3D014C3D047}.Debug|ARM.Build.0 = Debug|Any CPU
		{79D8435C-472A-43B5-91B2-F3D014C3D047}.Debug|x64.ActiveCfg = Debug|Any CPU
		{79D8435C-472A-43B5-91B2-F3D014C3D047}.Debug|x64.Build.0 = Debug|Any CPU
		{79D8435C-472A-43B5-91B2-F3D014C3D047}.Debug|x86.ActiveCfg = Debug|Any CPU
		{79D8435C-472A-43B5-91B2-F3D014C3D047}.Debug|x86.Build.0 = Debug|Any CPU
		{79D8435C-472A-43B5-91B2-F3D014C3D047}.Release|Any CPU.ActiveCfg = Release|Any CPU
		{79D8435C-472A-43B5-91B2-F3D014C3D047}.Release|Any CPU.Build.0 = Release|Any CPU
		{79D8435C-472A-43B5-91B2-F3D014C3D047}.Release|ARM.ActiveCfg = Release|Any CPU
		{79D8435C-472A-43B5-91B2-F3D014C3D047}.Release|ARM.Build.0 = Release|Any CPU
		{79D8435C-472A-43B5-91B2-F3D014C3D047}.Release|x64.ActiveCfg = Release|Any CPU
		{79D8435C-472A-43B5-91B2-F3D014C3D047}.Release|x64.Build.0 = Release|Any CPU
		{79D8435C-472A-43B5-91B2-F3D014C3D047}.Release|x86.ActiveCfg = Release|Any CPU
		{79D8435C-472A-43B5-91B2-F3D014C3D047}.Release|x86.Build.0 = Release|Any CPU
		{33DE45BD-BA45-4F67-A8E3-FED78B6187F6}.Debug|Any CPU.ActiveCfg = Debug|Any CPU
		{33DE45BD-BA45-4F67-A8E3-FED78B6187F6}.Debug|Any CPU.Build.0 = Debug|Any CPU
		{33DE45BD-BA45-4F67-A8E3-FED78B6187F6}.Debug|ARM.ActiveCfg = Debug|Any CPU
		{33DE45BD-BA45-4F67-A8E3-FED78B6187F6}.Debug|ARM.Build.0 = Debug|Any CPU
		{33DE45BD-BA45-4F67-A8E3-FED78B6187F6}.Debug|x64.ActiveCfg = Debug|Any CPU
		{33DE45BD-BA45-4F67-A8E3-FED78B6187F6}.Debug|x64.Build.0 = Debug|Any CPU
		{33DE45BD-BA45-4F67-A8E3-FED78B6187F6}.Debug|x86.ActiveCfg = Debug|Any CPU
		{33DE45BD-BA45-4F67-A8E3-FED78B6187F6}.Debug|x86.Build.0 = Debug|Any CPU
		{33DE45BD-BA45-4F67-A8E3-FED78B6187F6}.Release|Any CPU.ActiveCfg = Release|Any CPU
		{33DE45BD-BA45-4F67-A8E3-FED78B6187F6}.Release|Any CPU.Build.0 = Release|Any CPU
		{33DE45BD-BA45-4F67-A8E3-FED78B6187F6}.Release|ARM.ActiveCfg = Release|Any CPU
		{33DE45BD-BA45-4F67-A8E3-FED78B6187F6}.Release|ARM.Build.0 = Release|Any CPU
		{33DE45BD-BA45-4F67-A8E3-FED78B6187F6}.Release|x64.ActiveCfg = Release|Any CPU
		{33DE45BD-BA45-4F67-A8E3-FED78B6187F6}.Release|x64.Build.0 = Release|Any CPU
		{33DE45BD-BA45-4F67-A8E3-FED78B6187F6}.Release|x86.ActiveCfg = Release|Any CPU
		{33DE45BD-BA45-4F67-A8E3-FED78B6187F6}.Release|x86.Build.0 = Release|Any CPU
		{F02E0B99-4F23-4667-A0C5-4724EF79D5DB}.Debug|Any CPU.ActiveCfg = Debug|Any CPU
		{F02E0B99-4F23-4667-A0C5-4724EF79D5DB}.Debug|Any CPU.Build.0 = Debug|Any CPU
		{F02E0B99-4F23-4667-A0C5-4724EF79D5DB}.Debug|ARM.ActiveCfg = Debug|Any CPU
		{F02E0B99-4F23-4667-A0C5-4724EF79D5DB}.Debug|ARM.Build.0 = Debug|Any CPU
		{F02E0B99-4F23-4667-A0C5-4724EF79D5DB}.Debug|x64.ActiveCfg = Debug|Any CPU
		{F02E0B99-4F23-4667-A0C5-4724EF79D5DB}.Debug|x64.Build.0 = Debug|Any CPU
		{F02E0B99-4F23-4667-A0C5-4724EF79D5DB}.Debug|x86.ActiveCfg = Debug|Any CPU
		{F02E0B99-4F23-4667-A0C5-4724EF79D5DB}.Debug|x86.Build.0 = Debug|Any CPU
		{F02E0B99-4F23-4667-A0C5-4724EF79D5DB}.Release|Any CPU.ActiveCfg = Release|Any CPU
		{F02E0B99-4F23-4667-A0C5-4724EF79D5DB}.Release|Any CPU.Build.0 = Release|Any CPU
		{F02E0B99-4F23-4667-A0C5-4724EF79D5DB}.Release|ARM.ActiveCfg = Release|Any CPU
		{F02E0B99-4F23-4667-A0C5-4724EF79D5DB}.Release|ARM.Build.0 = Release|Any CPU
		{F02E0B99-4F23-4667-A0C5-4724EF79D5DB}.Release|x64.ActiveCfg = Release|Any CPU
		{F02E0B99-4F23-4667-A0C5-4724EF79D5DB}.Release|x64.Build.0 = Release|Any CPU
		{F02E0B99-4F23-4667-A0C5-4724EF79D5DB}.Release|x86.ActiveCfg = Release|Any CPU
		{F02E0B99-4F23-4667-A0C5-4724EF79D5DB}.Release|x86.Build.0 = Release|Any CPU
		{16C67AAD-A7FD-49B4-82BD-268613D7A13C}.Debug|Any CPU.ActiveCfg = Debug|Any CPU
		{16C67AAD-A7FD-49B4-82BD-268613D7A13C}.Debug|Any CPU.Build.0 = Debug|Any CPU
		{16C67AAD-A7FD-49B4-82BD-268613D7A13C}.Debug|ARM.ActiveCfg = Debug|Any CPU
		{16C67AAD-A7FD-49B4-82BD-268613D7A13C}.Debug|ARM.Build.0 = Debug|Any CPU
		{16C67AAD-A7FD-49B4-82BD-268613D7A13C}.Debug|x64.ActiveCfg = Debug|Any CPU
		{16C67AAD-A7FD-49B4-82BD-268613D7A13C}.Debug|x64.Build.0 = Debug|Any CPU
		{16C67AAD-A7FD-49B4-82BD-268613D7A13C}.Debug|x86.ActiveCfg = Debug|Any CPU
		{16C67AAD-A7FD-49B4-82BD-268613D7A13C}.Debug|x86.Build.0 = Debug|Any CPU
		{16C67AAD-A7FD-49B4-82BD-268613D7A13C}.Release|Any CPU.ActiveCfg = Release|Any CPU
		{16C67AAD-A7FD-49B4-82BD-268613D7A13C}.Release|Any CPU.Build.0 = Release|Any CPU
		{16C67AAD-A7FD-49B4-82BD-268613D7A13C}.Release|ARM.ActiveCfg = Release|Any CPU
		{16C67AAD-A7FD-49B4-82BD-268613D7A13C}.Release|ARM.Build.0 = Release|Any CPU
		{16C67AAD-A7FD-49B4-82BD-268613D7A13C}.Release|x64.ActiveCfg = Release|Any CPU
		{16C67AAD-A7FD-49B4-82BD-268613D7A13C}.Release|x64.Build.0 = Release|Any CPU
		{16C67AAD-A7FD-49B4-82BD-268613D7A13C}.Release|x86.ActiveCfg = Release|Any CPU
		{16C67AAD-A7FD-49B4-82BD-268613D7A13C}.Release|x86.Build.0 = Release|Any CPU
		{FD3EC098-2C8B-4D11-ABA3-D7DAF48574B4}.Debug|Any CPU.ActiveCfg = Debug|Any CPU
		{FD3EC098-2C8B-4D11-ABA3-D7DAF48574B4}.Debug|Any CPU.Build.0 = Debug|Any CPU
		{FD3EC098-2C8B-4D11-ABA3-D7DAF48574B4}.Debug|ARM.ActiveCfg = Debug|Any CPU
		{FD3EC098-2C8B-4D11-ABA3-D7DAF48574B4}.Debug|ARM.Build.0 = Debug|Any CPU
		{FD3EC098-2C8B-4D11-ABA3-D7DAF48574B4}.Debug|x64.ActiveCfg = Debug|Any CPU
		{FD3EC098-2C8B-4D11-ABA3-D7DAF48574B4}.Debug|x64.Build.0 = Debug|Any CPU
		{FD3EC098-2C8B-4D11-ABA3-D7DAF48574B4}.Debug|x86.ActiveCfg = Debug|Any CPU
		{FD3EC098-2C8B-4D11-ABA3-D7DAF48574B4}.Debug|x86.Build.0 = Debug|Any CPU
		{FD3EC098-2C8B-4D11-ABA3-D7DAF48574B4}.Release|Any CPU.ActiveCfg = Release|Any CPU
		{FD3EC098-2C8B-4D11-ABA3-D7DAF48574B4}.Release|Any CPU.Build.0 = Release|Any CPU
		{FD3EC098-2C8B-4D11-ABA3-D7DAF48574B4}.Release|ARM.ActiveCfg = Release|Any CPU
		{FD3EC098-2C8B-4D11-ABA3-D7DAF48574B4}.Release|ARM.Build.0 = Release|Any CPU
		{FD3EC098-2C8B-4D11-ABA3-D7DAF48574B4}.Release|x64.ActiveCfg = Release|Any CPU
		{FD3EC098-2C8B-4D11-ABA3-D7DAF48574B4}.Release|x64.Build.0 = Release|Any CPU
		{FD3EC098-2C8B-4D11-ABA3-D7DAF48574B4}.Release|x86.ActiveCfg = Release|Any CPU
		{FD3EC098-2C8B-4D11-ABA3-D7DAF48574B4}.Release|x86.Build.0 = Release|Any CPU
		{04422E53-E58E-48D3-B469-81E4537A9A93}.Debug|Any CPU.ActiveCfg = Debug|Any CPU
		{04422E53-E58E-48D3-B469-81E4537A9A93}.Debug|Any CPU.Build.0 = Debug|Any CPU
		{04422E53-E58E-48D3-B469-81E4537A9A93}.Debug|ARM.ActiveCfg = Debug|Any CPU
		{04422E53-E58E-48D3-B469-81E4537A9A93}.Debug|ARM.Build.0 = Debug|Any CPU
		{04422E53-E58E-48D3-B469-81E4537A9A93}.Debug|x64.ActiveCfg = Debug|Any CPU
		{04422E53-E58E-48D3-B469-81E4537A9A93}.Debug|x64.Build.0 = Debug|Any CPU
		{04422E53-E58E-48D3-B469-81E4537A9A93}.Debug|x86.ActiveCfg = Debug|Any CPU
		{04422E53-E58E-48D3-B469-81E4537A9A93}.Debug|x86.Build.0 = Debug|Any CPU
		{04422E53-E58E-48D3-B469-81E4537A9A93}.Release|Any CPU.ActiveCfg = Release|Any CPU
		{04422E53-E58E-48D3-B469-81E4537A9A93}.Release|Any CPU.Build.0 = Release|Any CPU
		{04422E53-E58E-48D3-B469-81E4537A9A93}.Release|ARM.ActiveCfg = Release|Any CPU
		{04422E53-E58E-48D3-B469-81E4537A9A93}.Release|ARM.Build.0 = Release|Any CPU
		{04422E53-E58E-48D3-B469-81E4537A9A93}.Release|x64.ActiveCfg = Release|Any CPU
		{04422E53-E58E-48D3-B469-81E4537A9A93}.Release|x64.Build.0 = Release|Any CPU
		{04422E53-E58E-48D3-B469-81E4537A9A93}.Release|x86.ActiveCfg = Release|Any CPU
		{04422E53-E58E-48D3-B469-81E4537A9A93}.Release|x86.Build.0 = Release|Any CPU
	EndGlobalSection
	GlobalSection(SolutionProperties) = preSolution
		HideSolutionNode = FALSE
	EndGlobalSection
	GlobalSection(NestedProjects) = preSolution
		{71FA6A41-0BAE-447A-B847-1708B302555C} = {26BC15A6-589D-4345-B4BD-0B3E3C833809}
		{CB5EDDBB-B276-4935-954B-B70E9A5CA043} = {26BC15A6-589D-4345-B4BD-0B3E3C833809}
		{9E6552E3-F427-4892-B97F-781063900384} = {15B51EF0-3F57-4C0C-A1F6-07FE6838B8C0}
		{79D8435C-472A-43B5-91B2-F3D014C3D047} = {38244B3A-4B35-4D1F-B6DA-5E6607AEF954}
		{33DE45BD-BA45-4F67-A8E3-FED78B6187F6} = {CB5EDDBB-B276-4935-954B-B70E9A5CA043}
		{F02E0B99-4F23-4667-A0C5-4724EF79D5DB} = {CB5EDDBB-B276-4935-954B-B70E9A5CA043}
		{16C67AAD-A7FD-49B4-82BD-268613D7A13C} = {2546B793-D6C5-4400-9644-22C791BB01D8}
		{FD3EC098-2C8B-4D11-ABA3-D7DAF48574B4} = {B58F5942-369D-4EB3-BB5C-8E2E68327DC6}
		{04422E53-E58E-48D3-B469-81E4537A9A93} = {71FA6A41-0BAE-447A-B847-1708B302555C}
	EndGlobalSection
EndGlobal
